// !$*UTF8*$!
{
	archiveVersion = 1;
	classes = {
	};
	objectVersion = 50;
	objects = {

/* Begin PBXBuildFile section */
		91778A490D7D8EC43C441FB0 /* Pods_AmazingCoffee_AmazingCoffeeUITests.framework in Frameworks */ = {isa = PBXBuildFile; fileRef = DF73FCB57339D60F980BE532 /* Pods_AmazingCoffee_AmazingCoffeeUITests.framework */; };
		CE944DD77C448C46451FD57C /* Pods_AmazingCoffeeTests.framework in Frameworks */ = {isa = PBXBuildFile; fileRef = 9D62434D4D46A540F70DAD28 /* Pods_AmazingCoffeeTests.framework */; };
		F1CC28ABBAF5CD3976B7058A /* Pods_AmazingCoffee.framework in Frameworks */ = {isa = PBXBuildFile; fileRef = 5DBA19D7AEEAC7CF567D930F /* Pods_AmazingCoffee.framework */; };
		FB311A50269E257800AEAB5C /* AppDelegate.swift in Sources */ = {isa = PBXBuildFile; fileRef = FB311A4F269E257800AEAB5C /* AppDelegate.swift */; };
		FB311A52269E257800AEAB5C /* SceneDelegate.swift in Sources */ = {isa = PBXBuildFile; fileRef = FB311A51269E257800AEAB5C /* SceneDelegate.swift */; };
		FB311A54269E257800AEAB5C /* ViewController.swift in Sources */ = {isa = PBXBuildFile; fileRef = FB311A53269E257800AEAB5C /* ViewController.swift */; };
		FB311A57269E257800AEAB5C /* Main.storyboard in Resources */ = {isa = PBXBuildFile; fileRef = FB311A55269E257800AEAB5C /* Main.storyboard */; };
		FB311A59269E257800AEAB5C /* Assets.xcassets in Resources */ = {isa = PBXBuildFile; fileRef = FB311A58269E257800AEAB5C /* Assets.xcassets */; };
		FB311A5C269E257800AEAB5C /* LaunchScreen.storyboard in Resources */ = {isa = PBXBuildFile; fileRef = FB311A5A269E257800AEAB5C /* LaunchScreen.storyboard */; };
		FB311A67269E257800AEAB5C /* AmazingCoffeeTests.swift in Sources */ = {isa = PBXBuildFile; fileRef = FB311A66269E257800AEAB5C /* AmazingCoffeeTests.swift */; };
		FB311A72269E257800AEAB5C /* AmazingCoffeeUITests.swift in Sources */ = {isa = PBXBuildFile; fileRef = FB311A71269E257800AEAB5C /* AmazingCoffeeUITests.swift */; };
/* End PBXBuildFile section */

/* Begin PBXContainerItemProxy section */
		FB311A63269E257800AEAB5C /* PBXContainerItemProxy */ = {
			isa = PBXContainerItemProxy;
			containerPortal = FB311A44269E257800AEAB5C /* Project object */;
			proxyType = 1;
			remoteGlobalIDString = FB311A4B269E257800AEAB5C;
			remoteInfo = AmazingCoffee;
		};
		FB311A6E269E257800AEAB5C /* PBXContainerItemProxy */ = {
			isa = PBXContainerItemProxy;
			containerPortal = FB311A44269E257800AEAB5C /* Project object */;
			proxyType = 1;
			remoteGlobalIDString = FB311A4B269E257800AEAB5C;
			remoteInfo = AmazingCoffee;
		};
/* End PBXContainerItemProxy section */

/* Begin PBXFileReference section */
		23DCDA65D577E4B7C2FFA8FF /* Pods-AmazingCoffee-AmazingCoffeeUITests.release.xcconfig */ = {isa = PBXFileReference; includeInIndex = 1; lastKnownFileType = text.xcconfig; name = "Pods-AmazingCoffee-AmazingCoffeeUITests.release.xcconfig"; path = "Target Support Files/Pods-AmazingCoffee-AmazingCoffeeUITests/Pods-AmazingCoffee-AmazingCoffeeUITests.release.xcconfig"; sourceTree = "<group>"; };
		494E7E52C06F53A5435A9A1C /* Pods-AmazingCoffeeTests.release.xcconfig */ = {isa = PBXFileReference; includeInIndex = 1; lastKnownFileType = text.xcconfig; name = "Pods-AmazingCoffeeTests.release.xcconfig"; path = "Target Support Files/Pods-AmazingCoffeeTests/Pods-AmazingCoffeeTests.release.xcconfig"; sourceTree = "<group>"; };
		5DBA19D7AEEAC7CF567D930F /* Pods_AmazingCoffee.framework */ = {isa = PBXFileReference; explicitFileType = wrapper.framework; includeInIndex = 0; path = Pods_AmazingCoffee.framework; sourceTree = BUILT_PRODUCTS_DIR; };
		6A90CD2B6A8300256AE19EB4 /* Pods-AmazingCoffeeTests.debug.xcconfig */ = {isa = PBXFileReference; includeInIndex = 1; lastKnownFileType = text.xcconfig; name = "Pods-AmazingCoffeeTests.debug.xcconfig"; path = "Target Support Files/Pods-AmazingCoffeeTests/Pods-AmazingCoffeeTests.debug.xcconfig"; sourceTree = "<group>"; };
		74EB80E96A87B0727BC62244 /* Pods-AmazingCoffee.release.xcconfig */ = {isa = PBXFileReference; includeInIndex = 1; lastKnownFileType = text.xcconfig; name = "Pods-AmazingCoffee.release.xcconfig"; path = "Target Support Files/Pods-AmazingCoffee/Pods-AmazingCoffee.release.xcconfig"; sourceTree = "<group>"; };
		88B6F696FFEC121C76357D4F /* Pods-AmazingCoffee-AmazingCoffeeUITests.debug.xcconfig */ = {isa = PBXFileReference; includeInIndex = 1; lastKnownFileType = text.xcconfig; name = "Pods-AmazingCoffee-AmazingCoffeeUITests.debug.xcconfig"; path = "Target Support Files/Pods-AmazingCoffee-AmazingCoffeeUITests/Pods-AmazingCoffee-AmazingCoffeeUITests.debug.xcconfig"; sourceTree = "<group>"; };
		9D62434D4D46A540F70DAD28 /* Pods_AmazingCoffeeTests.framework */ = {isa = PBXFileReference; explicitFileType = wrapper.framework; includeInIndex = 0; path = Pods_AmazingCoffeeTests.framework; sourceTree = BUILT_PRODUCTS_DIR; };
		A4D93084926930C410500FA6 /* Pods-AmazingCoffee.debug.xcconfig */ = {isa = PBXFileReference; includeInIndex = 1; lastKnownFileType = text.xcconfig; name = "Pods-AmazingCoffee.debug.xcconfig"; path = "Target Support Files/Pods-AmazingCoffee/Pods-AmazingCoffee.debug.xcconfig"; sourceTree = "<group>"; };
		DF73FCB57339D60F980BE532 /* Pods_AmazingCoffee_AmazingCoffeeUITests.framework */ = {isa = PBXFileReference; explicitFileType = wrapper.framework; includeInIndex = 0; path = Pods_AmazingCoffee_AmazingCoffeeUITests.framework; sourceTree = BUILT_PRODUCTS_DIR; };
		FB311A4C269E257800AEAB5C /* AmazingCoffee.app */ = {isa = PBXFileReference; explicitFileType = wrapper.application; includeInIndex = 0; path = AmazingCoffee.app; sourceTree = BUILT_PRODUCTS_DIR; };
		FB311A4F269E257800AEAB5C /* AppDelegate.swift */ = {isa = PBXFileReference; lastKnownFileType = sourcecode.swift; path = AppDelegate.swift; sourceTree = "<group>"; };
		FB311A51269E257800AEAB5C /* SceneDelegate.swift */ = {isa = PBXFileReference; lastKnownFileType = sourcecode.swift; path = SceneDelegate.swift; sourceTree = "<group>"; };
		FB311A53269E257800AEAB5C /* ViewController.swift */ = {isa = PBXFileReference; lastKnownFileType = sourcecode.swift; path = ViewController.swift; sourceTree = "<group>"; };
		FB311A56269E257800AEAB5C /* Base */ = {isa = PBXFileReference; lastKnownFileType = file.storyboard; name = Base; path = Base.lproj/Main.storyboard; sourceTree = "<group>"; };
		FB311A58269E257800AEAB5C /* Assets.xcassets */ = {isa = PBXFileReference; lastKnownFileType = folder.assetcatalog; path = Assets.xcassets; sourceTree = "<group>"; };
		FB311A5B269E257800AEAB5C /* Base */ = {isa = PBXFileReference; lastKnownFileType = file.storyboard; name = Base; path = Base.lproj/LaunchScreen.storyboard; sourceTree = "<group>"; };
		FB311A5D269E257800AEAB5C /* Info.plist */ = {isa = PBXFileReference; lastKnownFileType = text.plist.xml; path = Info.plist; sourceTree = "<group>"; };
		FB311A62269E257800AEAB5C /* AmazingCoffeeTests.xctest */ = {isa = PBXFileReference; explicitFileType = wrapper.cfbundle; includeInIndex = 0; path = AmazingCoffeeTests.xctest; sourceTree = BUILT_PRODUCTS_DIR; };
		FB311A66269E257800AEAB5C /* AmazingCoffeeTests.swift */ = {isa = PBXFileReference; lastKnownFileType = sourcecode.swift; path = AmazingCoffeeTests.swift; sourceTree = "<group>"; };
		FB311A68269E257800AEAB5C /* Info.plist */ = {isa = PBXFileReference; lastKnownFileType = text.plist.xml; path = Info.plist; sourceTree = "<group>"; };
		FB311A6D269E257800AEAB5C /* AmazingCoffeeUITests.xctest */ = {isa = PBXFileReference; explicitFileType = wrapper.cfbundle; includeInIndex = 0; path = AmazingCoffeeUITests.xctest; sourceTree = BUILT_PRODUCTS_DIR; };
		FB311A71269E257800AEAB5C /* AmazingCoffeeUITests.swift */ = {isa = PBXFileReference; lastKnownFileType = sourcecode.swift; path = AmazingCoffeeUITests.swift; sourceTree = "<group>"; };
		FB311A73269E257800AEAB5C /* Info.plist */ = {isa = PBXFileReference; lastKnownFileType = text.plist.xml; path = Info.plist; sourceTree = "<group>"; };
/* End PBXFileReference section */

/* Begin PBXFrameworksBuildPhase section */
		FB311A49269E257800AEAB5C /* Frameworks */ = {
			isa = PBXFrameworksBuildPhase;
			buildActionMask = 2147483647;
			files = (
				F1CC28ABBAF5CD3976B7058A /* Pods_AmazingCoffee.framework in Frameworks */,
			);
			runOnlyForDeploymentPostprocessing = 0;
		};
		FB311A5F269E257800AEAB5C /* Frameworks */ = {
			isa = PBXFrameworksBuildPhase;
			buildActionMask = 2147483647;
			files = (
				CE944DD77C448C46451FD57C /* Pods_AmazingCoffeeTests.framework in Frameworks */,
			);
			runOnlyForDeploymentPostprocessing = 0;
		};
		FB311A6A269E257800AEAB5C /* Frameworks */ = {
			isa = PBXFrameworksBuildPhase;
			buildActionMask = 2147483647;
			files = (
				91778A490D7D8EC43C441FB0 /* Pods_AmazingCoffee_AmazingCoffeeUITests.framework in Frameworks */,
			);
			runOnlyForDeploymentPostprocessing = 0;
		};
/* End PBXFrameworksBuildPhase section */

/* Begin PBXGroup section */
		31DD0E2E1EA8FB1CD72213A2 /* Pods */ = {
			isa = PBXGroup;
			children = (
				A4D93084926930C410500FA6 /* Pods-AmazingCoffee.debug.xcconfig */,
				74EB80E96A87B0727BC62244 /* Pods-AmazingCoffee.release.xcconfig */,
				88B6F696FFEC121C76357D4F /* Pods-AmazingCoffee-AmazingCoffeeUITests.debug.xcconfig */,
				23DCDA65D577E4B7C2FFA8FF /* Pods-AmazingCoffee-AmazingCoffeeUITests.release.xcconfig */,
				6A90CD2B6A8300256AE19EB4 /* Pods-AmazingCoffeeTests.debug.xcconfig */,
				494E7E52C06F53A5435A9A1C /* Pods-AmazingCoffeeTests.release.xcconfig */,
			);
			name = Pods;
			path = Pods;
			sourceTree = "<group>";
		};
		F3B649FADC7E5250023C64FB /* Frameworks */ = {
			isa = PBXGroup;
			children = (
				5DBA19D7AEEAC7CF567D930F /* Pods_AmazingCoffee.framework */,
				DF73FCB57339D60F980BE532 /* Pods_AmazingCoffee_AmazingCoffeeUITests.framework */,
				9D62434D4D46A540F70DAD28 /* Pods_AmazingCoffeeTests.framework */,
			);
			name = Frameworks;
			sourceTree = "<group>";
		};
		FB311A43269E257800AEAB5C = {
			isa = PBXGroup;
			children = (
				FB311A4E269E257800AEAB5C /* AmazingCoffee */,
				FB311A65269E257800AEAB5C /* AmazingCoffeeTests */,
				FB311A70269E257800AEAB5C /* AmazingCoffeeUITests */,
				FB311A4D269E257800AEAB5C /* Products */,
				31DD0E2E1EA8FB1CD72213A2 /* Pods */,
				F3B649FADC7E5250023C64FB /* Frameworks */,
			);
			sourceTree = "<group>";
		};
		FB311A4D269E257800AEAB5C /* Products */ = {
			isa = PBXGroup;
			children = (
				FB311A4C269E257800AEAB5C /* AmazingCoffee.app */,
				FB311A62269E257800AEAB5C /* AmazingCoffeeTests.xctest */,
				FB311A6D269E257800AEAB5C /* AmazingCoffeeUITests.xctest */,
			);
			name = Products;
			sourceTree = "<group>";
		};
		FB311A4E269E257800AEAB5C /* AmazingCoffee */ = {
			isa = PBXGroup;
			children = (
				FB311A4F269E257800AEAB5C /* AppDelegate.swift */,
				FB311A51269E257800AEAB5C /* SceneDelegate.swift */,
				FB311A53269E257800AEAB5C /* ViewController.swift */,
				FB311A55269E257800AEAB5C /* Main.storyboard */,
				FB311A58269E257800AEAB5C /* Assets.xcassets */,
				FB311A5A269E257800AEAB5C /* LaunchScreen.storyboard */,
				FB311A5D269E257800AEAB5C /* Info.plist */,
			);
			path = AmazingCoffee;
			sourceTree = "<group>";
		};
		FB311A65269E257800AEAB5C /* AmazingCoffeeTests */ = {
			isa = PBXGroup;
			children = (
				FB311A66269E257800AEAB5C /* AmazingCoffeeTests.swift */,
				FB311A68269E257800AEAB5C /* Info.plist */,
			);
			path = AmazingCoffeeTests;
			sourceTree = "<group>";
		};
		FB311A70269E257800AEAB5C /* AmazingCoffeeUITests */ = {
			isa = PBXGroup;
			children = (
				FB311A71269E257800AEAB5C /* AmazingCoffeeUITests.swift */,
				FB311A73269E257800AEAB5C /* Info.plist */,
			);
			path = AmazingCoffeeUITests;
			sourceTree = "<group>";
		};
/* End PBXGroup section */

/* Begin PBXNativeTarget section */
		FB311A4B269E257800AEAB5C /* AmazingCoffee */ = {
			isa = PBXNativeTarget;
			buildConfigurationList = FB311A76269E257800AEAB5C /* Build configuration list for PBXNativeTarget "AmazingCoffee" */;
			buildPhases = (
				B1FD3E51A3CE48990B0C9038 /* [CP] Check Pods Manifest.lock */,
				FB311A48269E257800AEAB5C /* Sources */,
				FB311A49269E257800AEAB5C /* Frameworks */,
				FB311A4A269E257800AEAB5C /* Resources */,
			);
			buildRules = (
			);
			dependencies = (
			);
			name = AmazingCoffee;
			productName = AmazingCoffee;
			productReference = FB311A4C269E257800AEAB5C /* AmazingCoffee.app */;
			productType = "com.apple.product-type.application";
		};
		FB311A61269E257800AEAB5C /* AmazingCoffeeTests */ = {
			isa = PBXNativeTarget;
			buildConfigurationList = FB311A79269E257800AEAB5C /* Build configuration list for PBXNativeTarget "AmazingCoffeeTests" */;
			buildPhases = (
				C1B766A00808E5DAF0FE3101 /* [CP] Check Pods Manifest.lock */,
				FB311A5E269E257800AEAB5C /* Sources */,
				FB311A5F269E257800AEAB5C /* Frameworks */,
				FB311A60269E257800AEAB5C /* Resources */,
				7B02EB3796EED8027F7BD4DE /* [CP] Embed Pods Frameworks */,
			);
			buildRules = (
			);
			dependencies = (
				FB311A64269E257800AEAB5C /* PBXTargetDependency */,
			);
			name = AmazingCoffeeTests;
			productName = AmazingCoffeeTests;
			productReference = FB311A62269E257800AEAB5C /* AmazingCoffeeTests.xctest */;
			productType = "com.apple.product-type.bundle.unit-test";
		};
		FB311A6C269E257800AEAB5C /* AmazingCoffeeUITests */ = {
			isa = PBXNativeTarget;
			buildConfigurationList = FB311A7C269E257800AEAB5C /* Build configuration list for PBXNativeTarget "AmazingCoffeeUITests" */;
			buildPhases = (
				51A6985AE30A6B5AB95498A7 /* [CP] Check Pods Manifest.lock */,
				FB311A69269E257800AEAB5C /* Sources */,
				FB311A6A269E257800AEAB5C /* Frameworks */,
				FB311A6B269E257800AEAB5C /* Resources */,
				0C4345D9E89C39E89D7D7C79 /* [CP] Embed Pods Frameworks */,
			);
			buildRules = (
			);
			dependencies = (
				FB311A6F269E257800AEAB5C /* PBXTargetDependency */,
			);
			name = AmazingCoffeeUITests;
			productName = AmazingCoffeeUITests;
			productReference = FB311A6D269E257800AEAB5C /* AmazingCoffeeUITests.xctest */;
			productType = "com.apple.product-type.bundle.ui-testing";
		};
/* End PBXNativeTarget section */

/* Begin PBXProject section */
		FB311A44269E257800AEAB5C /* Project object */ = {
			isa = PBXProject;
			attributes = {
				LastSwiftUpdateCheck = 1250;
				LastUpgradeCheck = 1250;
				TargetAttributes = {
					FB311A4B269E257800AEAB5C = {
						CreatedOnToolsVersion = 12.5.1;
					};
					FB311A61269E257800AEAB5C = {
						CreatedOnToolsVersion = 12.5.1;
						TestTargetID = FB311A4B269E257800AEAB5C;
					};
					FB311A6C269E257800AEAB5C = {
						CreatedOnToolsVersion = 12.5.1;
						TestTargetID = FB311A4B269E257800AEAB5C;
					};
				};
			};
			buildConfigurationList = FB311A47269E257800AEAB5C /* Build configuration list for PBXProject "AmazingCoffee" */;
			compatibilityVersion = "Xcode 9.3";
			developmentRegion = en;
			hasScannedForEncodings = 0;
			knownRegions = (
				en,
				Base,
			);
			mainGroup = FB311A43269E257800AEAB5C;
			productRefGroup = FB311A4D269E257800AEAB5C /* Products */;
			projectDirPath = "";
			projectRoot = "";
			targets = (
				FB311A4B269E257800AEAB5C /* AmazingCoffee */,
				FB311A61269E257800AEAB5C /* AmazingCoffeeTests */,
				FB311A6C269E257800AEAB5C /* AmazingCoffeeUITests */,
			);
		};
/* End PBXProject section */

/* Begin PBXResourcesBuildPhase section */
		FB311A4A269E257800AEAB5C /* Resources */ = {
			isa = PBXResourcesBuildPhase;
			buildActionMask = 2147483647;
			files = (
				FB311A5C269E257800AEAB5C /* LaunchScreen.storyboard in Resources */,
				FB311A59269E257800AEAB5C /* Assets.xcassets in Resources */,
				FB311A57269E257800AEAB5C /* Main.storyboard in Resources */,
			);
			runOnlyForDeploymentPostprocessing = 0;
		};
		FB311A60269E257800AEAB5C /* Resources */ = {
			isa = PBXResourcesBuildPhase;
			buildActionMask = 2147483647;
			files = (
			);
			runOnlyForDeploymentPostprocessing = 0;
		};
		FB311A6B269E257800AEAB5C /* Resources */ = {
			isa = PBXResourcesBuildPhase;
			buildActionMask = 2147483647;
			files = (
			);
			runOnlyForDeploymentPostprocessing = 0;
		};
/* End PBXResourcesBuildPhase section */

/* Begin PBXShellScriptBuildPhase section */
		0C4345D9E89C39E89D7D7C79 /* [CP] Embed Pods Frameworks */ = {
			isa = PBXShellScriptBuildPhase;
			buildActionMask = 2147483647;
			files = (
			);
			inputFileListPaths = (
				"${PODS_ROOT}/Target Support Files/Pods-AmazingCoffee-AmazingCoffeeUITests/Pods-AmazingCoffee-AmazingCoffeeUITests-frameworks-${CONFIGURATION}-input-files.xcfilelist",
			);
			name = "[CP] Embed Pods Frameworks";
			outputFileListPaths = (
				"${PODS_ROOT}/Target Support Files/Pods-AmazingCoffee-AmazingCoffeeUITests/Pods-AmazingCoffee-AmazingCoffeeUITests-frameworks-${CONFIGURATION}-output-files.xcfilelist",
			);
			runOnlyForDeploymentPostprocessing = 0;
			shellPath = /bin/sh;
			shellScript = "\"${PODS_ROOT}/Target Support Files/Pods-AmazingCoffee-AmazingCoffeeUITests/Pods-AmazingCoffee-AmazingCoffeeUITests-frameworks.sh\"\n";
			showEnvVarsInLog = 0;
		};
		51A6985AE30A6B5AB95498A7 /* [CP] Check Pods Manifest.lock */ = {
			isa = PBXShellScriptBuildPhase;
			buildActionMask = 2147483647;
			files = (
			);
			inputFileListPaths = (
			);
			inputPaths = (
				"${PODS_PODFILE_DIR_PATH}/Podfile.lock",
				"${PODS_ROOT}/Manifest.lock",
			);
			name = "[CP] Check Pods Manifest.lock";
			outputFileListPaths = (
			);
			outputPaths = (
				"$(DERIVED_FILE_DIR)/Pods-AmazingCoffee-AmazingCoffeeUITests-checkManifestLockResult.txt",
			);
			runOnlyForDeploymentPostprocessing = 0;
			shellPath = /bin/sh;
			shellScript = "diff \"${PODS_PODFILE_DIR_PATH}/Podfile.lock\" \"${PODS_ROOT}/Manifest.lock\" > /dev/null\nif [ $? != 0 ] ; then\n    # print error to STDERR\n    echo \"error: The sandbox is not in sync with the Podfile.lock. Run 'pod install' or update your CocoaPods installation.\" >&2\n    exit 1\nfi\n# This output is used by Xcode 'outputs' to avoid re-running this script phase.\necho \"SUCCESS\" > \"${SCRIPT_OUTPUT_FILE_0}\"\n";
			showEnvVarsInLog = 0;
		};
		7B02EB3796EED8027F7BD4DE /* [CP] Embed Pods Frameworks */ = {
			isa = PBXShellScriptBuildPhase;
			buildActionMask = 2147483647;
			files = (
			);
			inputFileListPaths = (
				"${PODS_ROOT}/Target Support Files/Pods-AmazingCoffeeTests/Pods-AmazingCoffeeTests-frameworks-${CONFIGURATION}-input-files.xcfilelist",
			);
			name = "[CP] Embed Pods Frameworks";
			outputFileListPaths = (
				"${PODS_ROOT}/Target Support Files/Pods-AmazingCoffeeTests/Pods-AmazingCoffeeTests-frameworks-${CONFIGURATION}-output-files.xcfilelist",
			);
			runOnlyForDeploymentPostprocessing = 0;
			shellPath = /bin/sh;
			shellScript = "\"${PODS_ROOT}/Target Support Files/Pods-AmazingCoffeeTests/Pods-AmazingCoffeeTests-frameworks.sh\"\n";
			showEnvVarsInLog = 0;
		};
		B1FD3E51A3CE48990B0C9038 /* [CP] Check Pods Manifest.lock */ = {
			isa = PBXShellScriptBuildPhase;
			buildActionMask = 2147483647;
			files = (
			);
			inputFileListPaths = (
			);
			inputPaths = (
				"${PODS_PODFILE_DIR_PATH}/Podfile.lock",
				"${PODS_ROOT}/Manifest.lock",
			);
			name = "[CP] Check Pods Manifest.lock";
			outputFileListPaths = (
			);
			outputPaths = (
				"$(DERIVED_FILE_DIR)/Pods-AmazingCoffee-checkManifestLockResult.txt",
			);
			runOnlyForDeploymentPostprocessing = 0;
			shellPath = /bin/sh;
			shellScript = "diff \"${PODS_PODFILE_DIR_PATH}/Podfile.lock\" \"${PODS_ROOT}/Manifest.lock\" > /dev/null\nif [ $? != 0 ] ; then\n    # print error to STDERR\n    echo \"error: The sandbox is not in sync with the Podfile.lock. Run 'pod install' or update your CocoaPods installation.\" >&2\n    exit 1\nfi\n# This output is used by Xcode 'outputs' to avoid re-running this script phase.\necho \"SUCCESS\" > \"${SCRIPT_OUTPUT_FILE_0}\"\n";
			showEnvVarsInLog = 0;
		};
		C1B766A00808E5DAF0FE3101 /* [CP] Check Pods Manifest.lock */ = {
			isa = PBXShellScriptBuildPhase;
			buildActionMask = 2147483647;
			files = (
			);
			inputFileListPaths = (
			);
			inputPaths = (
				"${PODS_PODFILE_DIR_PATH}/Podfile.lock",
				"${PODS_ROOT}/Manifest.lock",
			);
			name = "[CP] Check Pods Manifest.lock";
			outputFileListPaths = (
			);
			outputPaths = (
				"$(DERIVED_FILE_DIR)/Pods-AmazingCoffeeTests-checkManifestLockResult.txt",
			);
			runOnlyForDeploymentPostprocessing = 0;
			shellPath = /bin/sh;
			shellScript = "diff \"${PODS_PODFILE_DIR_PATH}/Podfile.lock\" \"${PODS_ROOT}/Manifest.lock\" > /dev/null\nif [ $? != 0 ] ; then\n    # print error to STDERR\n    echo \"error: The sandbox is not in sync with the Podfile.lock. Run 'pod install' or update your CocoaPods installation.\" >&2\n    exit 1\nfi\n# This output is used by Xcode 'outputs' to avoid re-running this script phase.\necho \"SUCCESS\" > \"${SCRIPT_OUTPUT_FILE_0}\"\n";
			showEnvVarsInLog = 0;
		};
/* End PBXShellScriptBuildPhase section */

/* Begin PBXSourcesBuildPhase section */
		FB311A48269E257800AEAB5C /* Sources */ = {
			isa = PBXSourcesBuildPhase;
			buildActionMask = 2147483647;
			files = (
				FB311A54269E257800AEAB5C /* ViewController.swift in Sources */,
				FB311A50269E257800AEAB5C /* AppDelegate.swift in Sources */,
				FB311A52269E257800AEAB5C /* SceneDelegate.swift in Sources */,
			);
			runOnlyForDeploymentPostprocessing = 0;
		};
		FB311A5E269E257800AEAB5C /* Sources */ = {
			isa = PBXSourcesBuildPhase;
			buildActionMask = 2147483647;
			files = (
				FB311A67269E257800AEAB5C /* AmazingCoffeeTests.swift in Sources */,
			);
			runOnlyForDeploymentPostprocessing = 0;
		};
		FB311A69269E257800AEAB5C /* Sources */ = {
			isa = PBXSourcesBuildPhase;
			buildActionMask = 2147483647;
			files = (
				FB311A72269E257800AEAB5C /* AmazingCoffeeUITests.swift in Sources */,
			);
			runOnlyForDeploymentPostprocessing = 0;
		};
/* End PBXSourcesBuildPhase section */

/* Begin PBXTargetDependency section */
		FB311A64269E257800AEAB5C /* PBXTargetDependency */ = {
			isa = PBXTargetDependency;
			target = FB311A4B269E257800AEAB5C /* AmazingCoffee */;
			targetProxy = FB311A63269E257800AEAB5C /* PBXContainerItemProxy */;
		};
		FB311A6F269E257800AEAB5C /* PBXTargetDependency */ = {
			isa = PBXTargetDependency;
			target = FB311A4B269E257800AEAB5C /* AmazingCoffee */;
			targetProxy = FB311A6E269E257800AEAB5C /* PBXContainerItemProxy */;
		};
/* End PBXTargetDependency section */

/* Begin PBXVariantGroup section */
		FB311A55269E257800AEAB5C /* Main.storyboard */ = {
			isa = PBXVariantGroup;
			children = (
				FB311A56269E257800AEAB5C /* Base */,
			);
			name = Main.storyboard;
			sourceTree = "<group>";
		};
		FB311A5A269E257800AEAB5C /* LaunchScreen.storyboard */ = {
			isa = PBXVariantGroup;
			children = (
				FB311A5B269E257800AEAB5C /* Base */,
			);
			name = LaunchScreen.storyboard;
			sourceTree = "<group>";
		};
/* End PBXVariantGroup section */

/* Begin XCBuildConfiguration section */
		FB311A74269E257800AEAB5C /* Debug */ = {
			isa = XCBuildConfiguration;
			buildSettings = {
				ALWAYS_SEARCH_USER_PATHS = NO;
				CLANG_ANALYZER_NONNULL = YES;
				CLANG_ANALYZER_NUMBER_OBJECT_CONVERSION = YES_AGGRESSIVE;
				CLANG_CXX_LANGUAGE_STANDARD = "gnu++14";
				CLANG_CXX_LIBRARY = "libc++";
				CLANG_ENABLE_MODULES = YES;
				CLANG_ENABLE_OBJC_ARC = YES;
				CLANG_ENABLE_OBJC_WEAK = YES;
				CLANG_WARN_BLOCK_CAPTURE_AUTORELEASING = YES;
				CLANG_WARN_BOOL_CONVERSION = YES;
				CLANG_WARN_COMMA = YES;
				CLANG_WARN_CONSTANT_CONVERSION = YES;
				CLANG_WARN_DEPRECATED_OBJC_IMPLEMENTATIONS = YES;
				CLANG_WARN_DIRECT_OBJC_ISA_USAGE = YES_ERROR;
				CLANG_WARN_DOCUMENTATION_COMMENTS = YES;
				CLANG_WARN_EMPTY_BODY = YES;
				CLANG_WARN_ENUM_CONVERSION = YES;
				CLANG_WARN_INFINITE_RECURSION = YES;
				CLANG_WARN_INT_CONVERSION = YES;
				CLANG_WARN_NON_LITERAL_NULL_CONVERSION = YES;
				CLANG_WARN_OBJC_IMPLICIT_RETAIN_SELF = YES;
				CLANG_WARN_OBJC_LITERAL_CONVERSION = YES;
				CLANG_WARN_OBJC_ROOT_CLASS = YES_ERROR;
				CLANG_WARN_QUOTED_INCLUDE_IN_FRAMEWORK_HEADER = YES;
				CLANG_WARN_RANGE_LOOP_ANALYSIS = YES;
				CLANG_WARN_STRICT_PROTOTYPES = YES;
				CLANG_WARN_SUSPICIOUS_MOVE = YES;
				CLANG_WARN_UNGUARDED_AVAILABILITY = YES_AGGRESSIVE;
				CLANG_WARN_UNREACHABLE_CODE = YES;
				CLANG_WARN__DUPLICATE_METHOD_MATCH = YES;
				COPY_PHASE_STRIP = NO;
				DEBUG_INFORMATION_FORMAT = dwarf;
				ENABLE_STRICT_OBJC_MSGSEND = YES;
				ENABLE_TESTABILITY = YES;
				GCC_C_LANGUAGE_STANDARD = gnu11;
				GCC_DYNAMIC_NO_PIC = NO;
				GCC_NO_COMMON_BLOCKS = YES;
				GCC_OPTIMIZATION_LEVEL = 0;
				GCC_PREPROCESSOR_DEFINITIONS = (
					"DEBUG=1",
					"$(inherited)",
				);
				GCC_WARN_64_TO_32_BIT_CONVERSION = YES;
				GCC_WARN_ABOUT_RETURN_TYPE = YES_ERROR;
				GCC_WARN_UNDECLARED_SELECTOR = YES;
				GCC_WARN_UNINITIALIZED_AUTOS = YES_AGGRESSIVE;
				GCC_WARN_UNUSED_FUNCTION = YES;
				GCC_WARN_UNUSED_VARIABLE = YES;
				IPHONEOS_DEPLOYMENT_TARGET = 14.5;
				MTL_ENABLE_DEBUG_INFO = INCLUDE_SOURCE;
				MTL_FAST_MATH = YES;
				ONLY_ACTIVE_ARCH = YES;
				SDKROOT = iphoneos;
				SWIFT_ACTIVE_COMPILATION_CONDITIONS = DEBUG;
				SWIFT_OPTIMIZATION_LEVEL = "-Onone";
			};
			name = Debug;
		};
		FB311A75269E257800AEAB5C /* Release */ = {
			isa = XCBuildConfiguration;
			buildSettings = {
				ALWAYS_SEARCH_USER_PATHS = NO;
				CLANG_ANALYZER_NONNULL = YES;
				CLANG_ANALYZER_NUMBER_OBJECT_CONVERSION = YES_AGGRESSIVE;
				CLANG_CXX_LANGUAGE_STANDARD = "gnu++14";
				CLANG_CXX_LIBRARY = "libc++";
				CLANG_ENABLE_MODULES = YES;
				CLANG_ENABLE_OBJC_ARC = YES;
				CLANG_ENABLE_OBJC_WEAK = YES;
				CLANG_WARN_BLOCK_CAPTURE_AUTORELEASING = YES;
				CLANG_WARN_BOOL_CONVERSION = YES;
				CLANG_WARN_COMMA = YES;
				CLANG_WARN_CONSTANT_CONVERSION = YES;
				CLANG_WARN_DEPRECATED_OBJC_IMPLEMENTATIONS = YES;
				CLANG_WARN_DIRECT_OBJC_ISA_USAGE = YES_ERROR;
				CLANG_WARN_DOCUMENTATION_COMMENTS = YES;
				CLANG_WARN_EMPTY_BODY = YES;
				CLANG_WARN_ENUM_CONVERSION = YES;
				CLANG_WARN_INFINITE_RECURSION = YES;
				CLANG_WARN_INT_CONVERSION = YES;
				CLANG_WARN_NON_LITERAL_NULL_CONVERSION = YES;
				CLANG_WARN_OBJC_IMPLICIT_RETAIN_SELF = YES;
				CLANG_WARN_OBJC_LITERAL_CONVERSION = YES;
				CLANG_WARN_OBJC_ROOT_CLASS = YES_ERROR;
				CLANG_WARN_QUOTED_INCLUDE_IN_FRAMEWORK_HEADER = YES;
				CLANG_WARN_RANGE_LOOP_ANALYSIS = YES;
				CLANG_WARN_STRICT_PROTOTYPES = YES;
				CLANG_WARN_SUSPICIOUS_MOVE = YES;
				CLANG_WARN_UNGUARDED_AVAILABILITY = YES_AGGRESSIVE;
				CLANG_WARN_UNREACHABLE_CODE = YES;
				CLANG_WARN__DUPLICATE_METHOD_MATCH = YES;
				COPY_PHASE_STRIP = NO;
				DEBUG_INFORMATION_FORMAT = "dwarf-with-dsym";
				ENABLE_NS_ASSERTIONS = NO;
				ENABLE_STRICT_OBJC_MSGSEND = YES;
				GCC_C_LANGUAGE_STANDARD = gnu11;
				GCC_NO_COMMON_BLOCKS = YES;
				GCC_WARN_64_TO_32_BIT_CONVERSION = YES;
				GCC_WARN_ABOUT_RETURN_TYPE = YES_ERROR;
				GCC_WARN_UNDECLARED_SELECTOR = YES;
				GCC_WARN_UNINITIALIZED_AUTOS = YES_AGGRESSIVE;
				GCC_WARN_UNUSED_FUNCTION = YES;
				GCC_WARN_UNUSED_VARIABLE = YES;
				IPHONEOS_DEPLOYMENT_TARGET = 14.5;
				MTL_ENABLE_DEBUG_INFO = NO;
				MTL_FAST_MATH = YES;
				SDKROOT = iphoneos;
				SWIFT_COMPILATION_MODE = wholemodule;
				SWIFT_OPTIMIZATION_LEVEL = "-O";
				VALIDATE_PRODUCT = YES;
			};
			name = Release;
		};
		FB311A77269E257800AEAB5C /* Debug */ = {
			isa = XCBuildConfiguration;
			baseConfigurationReference = A4D93084926930C410500FA6 /* Pods-AmazingCoffee.debug.xcconfig */;
			buildSettings = {
				ASSETCATALOG_COMPILER_APPICON_NAME = AppIcon;
				ASSETCATALOG_COMPILER_GLOBAL_ACCENT_COLOR_NAME = AccentColor;
				CODE_SIGN_STYLE = Automatic;
				DEVELOPMENT_TEAM = 3JHS543S6Y;
				INFOPLIST_FILE = AmazingCoffee/Info.plist;
				LD_RUNPATH_SEARCH_PATHS = (
					"$(inherited)",
					"@executable_path/Frameworks",
				);
				PRODUCT_BUNDLE_IDENTIFIER = sunjay.AmazingCoffee;
				PRODUCT_NAME = "$(TARGET_NAME)";
				SWIFT_VERSION = 5.0;
				TARGETED_DEVICE_FAMILY = "1,2";
			};
			name = Debug;
		};
		FB311A78269E257800AEAB5C /* Release */ = {
			isa = XCBuildConfiguration;
			baseConfigurationReference = 74EB80E96A87B0727BC62244 /* Pods-AmazingCoffee.release.xcconfig */;
			buildSettings = {
				ASSETCATALOG_COMPILER_APPICON_NAME = AppIcon;
				ASSETCATALOG_COMPILER_GLOBAL_ACCENT_COLOR_NAME = AccentColor;
				CODE_SIGN_STYLE = Automatic;
				DEVELOPMENT_TEAM = 3JHS543S6Y;
				INFOPLIST_FILE = AmazingCoffee/Info.plist;
				LD_RUNPATH_SEARCH_PATHS = (
					"$(inherited)",
					"@executable_path/Frameworks",
				);
				PRODUCT_BUNDLE_IDENTIFIER = sunjay.AmazingCoffee;
				PRODUCT_NAME = "$(TARGET_NAME)";
				SWIFT_VERSION = 5.0;
				TARGETED_DEVICE_FAMILY = "1,2";
			};
			name = Release;
		};
		FB311A7A269E257800AEAB5C /* Debug */ = {
			isa = XCBuildConfiguration;
			baseConfigurationReference = 6A90CD2B6A8300256AE19EB4 /* Pods-AmazingCoffeeTests.debug.xcconfig */;
			buildSettings = {
				ALWAYS_EMBED_SWIFT_STANDARD_LIBRARIES = YES;
				BUNDLE_LOADER = "$(TEST_HOST)";
				CODE_SIGN_STYLE = Automatic;
				DEVELOPMENT_TEAM = 3JHS543S6Y;
				INFOPLIST_FILE = AmazingCoffeeTests/Info.plist;
				IPHONEOS_DEPLOYMENT_TARGET = 14.5;
				LD_RUNPATH_SEARCH_PATHS = (
					"$(inherited)",
					"@executable_path/Frameworks",
					"@loader_path/Frameworks",
				);
				PRODUCT_BUNDLE_IDENTIFIER = sunjay.AmazingCoffeeTests;
				PRODUCT_NAME = "$(TARGET_NAME)";
				SWIFT_VERSION = 5.0;
				TARGETED_DEVICE_FAMILY = "1,2";
				TEST_HOST = "$(BUILT_PRODUCTS_DIR)/AmazingCoffee.app/AmazingCoffee";
			};
			name = Debug;
		};
		FB311A7B269E257800AEAB5C /* Release */ = {
			isa = XCBuildConfiguration;
			baseConfigurationReference = 494E7E52C06F53A5435A9A1C /* Pods-AmazingCoffeeTests.release.xcconfig */;
			buildSettings = {
				ALWAYS_EMBED_SWIFT_STANDARD_LIBRARIES = YES;
				BUNDLE_LOADER = "$(TEST_HOST)";
				CODE_SIGN_STYLE = Automatic;
				DEVELOPMENT_TEAM = 3JHS543S6Y;
				INFOPLIST_FILE = AmazingCoffeeTests/Info.plist;
				IPHONEOS_DEPLOYMENT_TARGET = 14.5;
				LD_RUNPATH_SEARCH_PATHS = (
					"$(inherited)",
					"@executable_path/Frameworks",
					"@loader_path/Frameworks",
				);
				PRODUCT_BUNDLE_IDENTIFIER = sunjay.AmazingCoffeeTests;
				PRODUCT_NAME = "$(TARGET_NAME)";
				SWIFT_VERSION = 5.0;
				TARGETED_DEVICE_FAMILY = "1,2";
				TEST_HOST = "$(BUILT_PRODUCTS_DIR)/AmazingCoffee.app/AmazingCoffee";
			};
			name = Release;
		};
		FB311A7D269E257800AEAB5C /* Debug */ = {
			isa = XCBuildConfiguration;
			baseConfigurationReference = 88B6F696FFEC121C76357D4F /* Pods-AmazingCoffee-AmazingCoffeeUITests.debug.xcconfig */;
			buildSettings = {
				ALWAYS_EMBED_SWIFT_STANDARD_LIBRARIES = YES;
				CODE_SIGN_STYLE = Automatic;
				DEVELOPMENT_TEAM = 3JHS543S6Y;
				INFOPLIST_FILE = AmazingCoffeeUITests/Info.plist;
				LD_RUNPATH_SEARCH_PATHS = (
					"$(inherited)",
					"@executable_path/Frameworks",
					"@loader_path/Frameworks",
				);
				PRODUCT_BUNDLE_IDENTIFIER = sunjay.AmazingCoffeeUITests;
				PRODUCT_NAME = "$(TARGET_NAME)";
				SWIFT_VERSION = 5.0;
				TARGETED_DEVICE_FAMILY = "1,2";
				TEST_TARGET_NAME = AmazingCoffee;
			};
			name = Debug;
		};
		FB311A7E269E257800AEAB5C /* Release */ = {
			isa = XCBuildConfiguration;
			baseConfigurationReference = 23DCDA65D577E4B7C2FFA8FF /* Pods-AmazingCoffee-AmazingCoffeeUITests.release.xcconfig */;
			buildSettings = {
				ALWAYS_EMBED_SWIFT_STANDARD_LIBRARIES = YES;
				CODE_SIGN_STYLE = Automatic;
				DEVELOPMENT_TEAM = 3JHS543S6Y;
				INFOPLIST_FILE = AmazingCoffeeUITests/Info.plist;
				LD_RUNPATH_SEARCH_PATHS = (
					"$(inherited)",
					"@executable_path/Frameworks",
					"@loader_path/Frameworks",
				);
				PRODUCT_BUNDLE_IDENTIFIER = sunjay.AmazingCoffeeUITests;
				PRODUCT_NAME = "$(TARGET_NAME)";
				SWIFT_VERSION = 5.0;
				TARGETED_DEVICE_FAMILY = "1,2";
				TEST_TARGET_NAME = AmazingCoffee;
			};
			name = Release;
		};
/* End XCBuildConfiguration section */

/* Begin XCConfigurationList section */
		FB311A47269E257800AEAB5C /* Build configuration list for PBXProject "AmazingCoffee" */ = {
			isa = XCConfigurationList;
			buildConfigurations = (
				FB311A74269E257800AEAB5C /* Debug */,
				FB311A75269E257800AEAB5C /* Release */,
			);
			defaultConfigurationIsVisible = 0;
			defaultConfigurationName = Release;
		};
		FB311A76269E257800AEAB5C /* Build configuration list for PBXNativeTarget "AmazingCoffee" */ = {
			isa = XCConfigurationList;
			buildConfigurations = (
				FB311A77269E257800AEAB5C /* Debug */,
				FB311A78269E257800AEAB5C /* Release */,
			);
			defaultConfigurationIsVisible = 0;
			defaultConfigurationName = Release;
		};
		FB311A79269E257800AEAB5C /* Build configuration list for PBXNativeTarget "AmazingCoffeeTests" */ = {
			isa = XCConfigurationList;
			buildConfigurations = (
				FB311A7A269E257800AEAB5C /* Debug */,
				FB311A7B269E257800AEAB5C /* Release */,
			);
			defaultConfigurationIsVisible = 0;
			defaultConfigurationName = Release;
		};
		FB311A7C269E257800AEAB5C /* Build configuration list for PBXNativeTarget "AmazingCoffeeUITests" */ = {
			isa = XCConfigurationList;
			buildConfigurations = (
				FB311A7D269E257800AEAB5C /* Debug */,
				FB311A7E269E257800AEAB5C /* Release */,
			);
			defaultConfigurationIsVisible = 0;
			defaultConfigurationName = Release;
		};
/* End XCConfigurationList section */
	};
	rootObject = FB311A44269E257800AEAB5C /* Project object */;
}
